{
  "name": "devnaestrada.com.br",
  "version": "1.0.0",
  "lockfileVersion": 1,
  "dependencies": {
    "node-normalize-scss": {
      "version": "1.5.0",
      "resolved": "https://registry.npmjs.org/node-normalize-scss/-/node-normalize-scss-1.5.0.tgz",
      "integrity": "sha1-VKMbh/a2E+gIovx+znSzbc7PQME=",
      "dev": true
    }
  }
}
